name: bakta
channels:
  - conda-forge
  - bioconda
  - https://repo.anaconda.com/pkgs/main
  - https://repo.anaconda.com/pkgs/r
dependencies:
  - _openmp_mutex=4.5=20_gnu
  - _python_abi3_support=1.0=hd8ed1ab_3
  - about-time=4.2.1=pyhd8ed1ab_1
  - alive-progress=3.0.1=pyhd8ed1ab_0
  - aragorn=1.2.41=h7b50bb2_5
  - archspec=0.2.6=pyhd8ed1ab_0
  - backports.zstd=1.7.0=py311h6f959d0_1
  - bakta=1.12.1=pyhdfd78af_0
  - biopython=1.88=py311h0d48ccd_1
  - blast=2.17.0=hb02a186_1
  - brotli=1.2.0=h505cf86_4
  - brotli-bin=1.2.0=h9908984_4
  - brotli-python=1.2.0=py311heb3be6f_4
  - bzip2=1.0.8=hda65f42_10
  - c-ares=1.34.8=hebe6cf0_2
  - ca-certificates=2026.7.22=hbd8a1cb_0
  - cairo=1.18.6=h3c89d7e_0
  - certifi=2026.7.22=pyhd8ed1ab_0
  - charset-normalizer=3.5.2=h1114479_0
  - contourpy=1.3.3=py311h724c32c_4
  - cpython=3.11.16=py311hd8ed1ab_2
  - curl=8.22.0=ha042cf0_0
  - cycler=0.12.1=pyhcf101f3_2
  - diamond=2.2.8=he361c42_0
  - entrez-direct=26.0=h1079eea_0
  - font-ttf-dejavu-sans-mono=2.37=hab24e00_0
  - font-ttf-inconsolata=3.000=h77eed37_0
  - font-ttf-source-code-pro=2.038=h77eed37_0
  - font-ttf-ubuntu=0.83=h77eed37_3
  - fontconfig=2.18.3=h4db4eae_1
  - fonts-conda-ecosystem=1=0
  - fonts-conda-forge=1=hc364b38_1
  - fonttools=4.66.1=py311h92159aa_0
  - freetype=2.14.3=ha770c72_2
  - fribidi=1.0.17=h7cc23a3_0
  - grapheme=0.6.0=pyhd8ed1ab_1
  - graphite2=1.3.15=h54a6638_1
  - gsl=2.7=he838d99_0
  - h2=4.4.1=pyhcf101f3_0
  - hmmer=3.4=h7d74f8d_5
  - hpack=4.2.0=pyhd8ed1ab_0
  - hyperframe=6.1.0=pyhd8ed1ab_0
  - icu=78.3=py310h44b86e0_2
  - idna=3.20=pyh5ded981_0
  - infernal=1.1.5=pl5321h7b50bb2_4
  - isa-l=2.32.1=hb03c661_0
  - keyutils=1.6.3=h7cc23a3_1
  - kiwisolver=1.5.1=py311h4c6fd42_3
  - krb5=1.22.2=hbc21106_2
  - lcms2=2.19.1=h9073bf1_3
  - ld_impl_linux-64=2.46.1=default_hbd61a6d_102
  - lerc=4.2.0=hdb68285_0
  - libblas=3.11.0=11_h4a7cf45_openblas
  - libbrotlicommon=1.2.0=h39a168f_4
  - libbrotlidec=1.2.0=ha411449_4
  - libbrotlienc=1.2.0=h018ffa1_4
  - libcblas=3.11.0=11_h0358290_openblas
  - libcurl=8.22.0=ha042cf0_0
  - libdeflate=1.25=hd45a770_1
  - libedit=3.1.20250104=pl5321h373387f_1
  - libev=4.33=h280c20c_3
  - libexpat=2.8.5=hd2095e1_0
  - libffi=3.7.0=h81df57d_1
  - libfreetype=2.14.3=ha770c72_2
  - libfreetype6=2.14.3=h5e6c136_2
  - libgcc=16.2.0=ha9f2e26_7
  - libgcc-ng=16.2.0=h69a702a_7
  - libgfortran=16.2.0=h69a702a_7
  - libgfortran-ng=16.2.0=h69a702a_7
  - libgfortran5=16.2.0=h6b99dfc_7
  - libglib=2.90.0=h569388d_0
  - libgomp=16.2.0=he0feb66_7
  - libharfbuzz=14.5.1=h23af247_0
  - libiconv=1.18=h0cb94f2_3
  - libidn2=2.3.8=hfac485b_1
  - libjpeg-turbo=3.2.0=hb03c661_1
  - liblapack=3.11.0=11_h47877c9_openblas
  - liblzma=5.8.3=hb03c661_1
  - libnghttp2=1.68.1=h74cf4be_1
  - libnsl=2.0.1=hb9d3cd8_1
  - libopenblas=0.3.34=pthreads_hf13c14d_2
  - libpng=1.6.59=h922cc85_0
  - libpsl=0.23.1=hd9e3e90_1
  - libpython=3.11.16=h0c77377_2_cpython
  - libraqm=0.11.0=h6406941_0
  - libsqlite=3.53.4=h13e7031_1
  - libssh2=1.11.1=h6154650_1
  - libstdcxx=16.2.0=h934c35e_7
  - libstdcxx-ng=16.2.0=hdf11a46_7
  - libtiff=4.7.2=hcc2c06a_1
  - libunistring=0.9.10=h7f98852_0
  - libuuid=2.42.4=hcfc3c73_0
  - libwebp-base=1.6.0=hd42ef1d_1
  - libxcb=1.17.0=hb83e432_2
  - libxcrypt=4.4.38=h280c20c_0
  - libzlib=1.3.2=h25fd6f3_3
  - matplotlib-base=3.11.2=py311hfea5af0_1
  - mpi=1.0=openmpi
  - munkres=1.1.4=pyhd8ed1ab_1
  - ncbi-amrfinderplus=4.2.7=hf69ffd2_0
  - ncbi-vdb=3.4.1=hd63eeec_0
  - ncurses=6.6=hdb14827_1
  - numpy=2.4.6=py311h2e04523_0
  - openjpeg=2.5.4=heb1ab33_2
  - openmpi=4.1.6=hc5af2df_101
  - openssl=3.6.5=h781a0a9_0
  - packaging=26.3=pyhc364b38_0
  - pandas=3.0.6=np2py311h1e9b377_0
  - pbzip2=1.1.13=h1fcc475_2
  - pcre2=10.47=h8b3dc9c_1
  - perl=5.32.1=10_h7cc23a3_perl5
  - perl-archive-tar=3.12=pl5321hdfd78af_0
  - perl-carp=1.50=pl5321hd8ed1ab_0
  - perl-common-sense=3.75=pl5321hd8ed1ab_0
  - perl-compress-raw-bzip2=2.214=pl5321hda65f42_0
  - perl-compress-raw-zlib=2.214=pl5321h4dac143_0
  - perl-encode=3.24=pl5321hb03c661_0
  - perl-exporter=5.74=pl5321hd8ed1ab_0
  - perl-exporter-tiny=1.002002=pl5321hd8ed1ab_0
  - perl-extutils-makemaker=7.70=pl5321hd8ed1ab_0
  - perl-io-compress=2.216=pl5321h503566f_0
  - perl-io-zlib=1.15=pl5321hdfd78af_1
  - perl-json=4.11=pl5321hdfd78af_0
  - perl-json-xs=4.04=pl5321h9948957_0
  - perl-list-moreutils=0.430=pl5321hdfd78af_0
  - perl-list-moreutils-xs=0.430=pl5321h7b50bb2_5
  - perl-parent=0.243=pl5321hd8ed1ab_0
  - perl-pathtools=3.75=pl5321hb9d3cd8_2
  - perl-scalar-list-utils=1.70=pl5321hb03c661_0
  - perl-storable=3.15=pl5321hb9d3cd8_2
  - perl-types-serialiser=1.01=pl5321hdfd78af_0
  - pigz=2.8=h421ea60_2
  - piler-cr=1.06=hd63eeec_7
  - pillow=12.3.0=py311hf303fd3_4
  - pip=26.2.1=pyh8b19718_0
  - pixman=0.46.4=h54a6638_3
  - psutil=7.2.2=py311h194be0f_3
  - pthread-stubs=0.4=h7cc23a3_1004
  - pycirclize=1.10.1=pyhd8ed1ab_0
  - pyhmmer=0.12.3=py311hc303176_0
  - pyparsing=3.3.3=pyh5ded981_0
  - pyrodigal=3.7.1=py311h26ae33e_1
  - pysocks=1.7.1=pyha55dd90_7
  - python=3.11.16=h5f976f7_2_cpython
  - python-dateutil=2.9.0.post0=pyhe01879c_2
  - python-gil=3.11.16=hd8ed1ab_2
  - python-isal=1.8.0=py311h0d48ccd_3
  - python-zlib-ng=1.0.0=py311haf77c50_3
  - python_abi=3.11=9_cp311
  - pyyaml=6.0.3=py311h3778330_1
  - qhull=2020.2=h434a139_5
  - readline=8.3=hd6e31c0_1
  - requests=2.34.2=pyhcf101f3_0
  - setuptools=84.0.0=pyh332efcf_0
  - six=1.17.0=pyhe01879c_1
  - tk=8.6.13=noxft_h1df4ec4_4
  - trnascan-se=2.0.13=pl5321hab16a5f_0
  - tzdata=2026c=h151e31d_0
  - unicodedata2=18.0.0=py311h0d48ccd_0
  - urllib3=2.8.0=pyhd8ed1ab_0
  - wget=1.25.0=h653f8fd_1
  - wheel=0.48.0=pyhd8ed1ab_0
  - xopen=2.1.0=pyh707e725_0
  - xorg-libice=1.1.2=h280c20c_0
  - xorg-libsm=1.2.6=h0d788c3_1
  - xorg-libx11=1.8.13=he1eb515_1
  - xorg-libxau=1.0.12=h7cc23a3_2
  - xorg-libxdmcp=1.1.5=h7cc23a3_2
  - xorg-libxext=1.3.7=h7cc23a3_1
  - xorg-libxrender=0.9.12=hb03c661_1
  - yaml=0.2.5=hebe6cf0_3
  - zlib=1.3.2=h25fd6f3_3
  - zlib-ng=2.3.3=hce19668_1
  - zstd=1.5.7=hb78ec9c_7
prefix: /home/eduardo.tello/.conda/envs/bakta
