name: drep
channels:
  - conda-forge
  - bioconda
  - https://repo.anaconda.com/pkgs/main
  - https://repo.anaconda.com/pkgs/r
dependencies:
  - _openmp_mutex=4.5=20_gnu
  - biopython=1.88=py311h49ec1c0_0
  - brotli=1.2.0=hed03a55_1
  - brotli-bin=1.2.0=hb03c661_1
  - bzip2=1.0.8=hda65f42_10
  - c-ares=1.34.8=h280c20c_1
  - ca-certificates=2026.7.22=hbd8a1cb_0
  - cairo=1.18.4=he90730b_1
  - capnproto=1.3.0=h791c776_1
  - checkm-genome=1.2.5=pyhdfd78af_0
  - colorama=0.4.6=pyhd8ed1ab_1
  - contourpy=1.3.3=py311h724c32c_4
  - cycler=0.12.1=pyhcf101f3_2
  - dendropy=5.0.11=pyhdfd78af_0
  - drep=3.7.1=pyhdfd78af_0
  - exceptiongroup=1.3.1=pyhd8ed1ab_0
  - fastani=1.34=hb66fcc3_7
  - font-ttf-dejavu-sans-mono=2.37=hab24e00_0
  - font-ttf-inconsolata=3.000=h77eed37_0
  - font-ttf-source-code-pro=2.038=h77eed37_0
  - font-ttf-ubuntu=0.83=h77eed37_3
  - fontconfig=2.18.3=h27c8c51_0
  - fonts-conda-ecosystem=1=0
  - fonts-conda-forge=1=hc364b38_1
  - fonttools=4.63.0=py311h3778330_0
  - freetype=2.14.3=ha770c72_1
  - fribidi=1.0.16=hb03c661_1
  - gdbm=1.18=h0a1914f_2
  - gmp=6.3.0=hac33072_2
  - graphite2=1.3.15=h54a6638_1
  - gsl=2.8=hbf7d49c_1
  - hmmer=3.4=h503566f_3
  - icu=78.3=h54a6638_2
  - iniconfig=2.3.0=pyhd8ed1ab_0
  - joblib=1.5.3=pyhd8ed1ab_0
  - keyutils=1.6.3=hb9d3cd8_0
  - kiwisolver=1.5.0=py311h724c32c_0
  - krb5=1.22.2=hbde042b_1
  - lcms2=2.19.1=h0c24ade_1
  - ld_impl_linux-64=2.46.1=default_hbd61a6d_102
  - lerc=4.2.0=hdb68285_0
  - libblas=3.11.0=9_h4a7cf45_openblas
  - libbrotlicommon=1.2.0=hb03c661_1
  - libbrotlidec=1.2.0=hb03c661_1
  - libbrotlienc=1.2.0=hb03c661_1
  - libcblas=3.11.0=9_h0358290_openblas
  - libcurl=8.21.0=heca4667_4
  - libdeflate=1.25=hd45a770_1
  - libedit=3.1.20250104=pl5321h7949ede_0
  - libev=4.33=h280c20c_3
  - libexpat=2.8.1=hecca717_1
  - libffi=3.7.0=h3435931_0
  - libfreetype=2.14.3=ha770c72_1
  - libfreetype6=2.14.3=h73754d4_1
  - libgcc=16.1.0=ha9f2e26_1
  - libgcc-ng=16.1.0=h69a702a_1
  - libgfortran=16.1.0=h69a702a_1
  - libgfortran5=16.1.0=h79bb938_1
  - libglib=2.88.3=h45c3219_1
  - libgomp=16.1.0=he0feb66_1
  - libharfbuzz=14.3.0=h17a8019_0
  - libiconv=1.18=h3b78370_2
  - libjpeg-turbo=3.2.0=hb03c661_1
  - liblapack=3.11.0=9_h47877c9_openblas
  - liblzma=5.8.3=hb03c661_1
  - libnghttp2=1.68.1=h877daf1_0
  - libnsl=2.0.1=hb9d3cd8_1
  - libopenblas=0.3.34=pthreads_h94d23a6_0
  - libpng=1.6.58=h421ea60_0
  - libpsl=0.23.1=hf670292_0
  - libraqm=0.11.0=h6406941_0
  - libsqlite=3.53.4=hf4e2dac_0
  - libssh2=1.11.1=hcf80075_0
  - libstdcxx=16.1.0=h934c35e_1
  - libstdcxx-ng=16.1.0=hdf11a46_1
  - libtiff=4.7.2=h9d88235_0
  - libuuid=2.42.2=h5347b49_0
  - libwebp-base=1.6.0=hd42ef1d_1
  - libxcb=1.17.0=h8a09558_0
  - libxcrypt=4.4.38=h280c20c_0
  - libzlib=1.3.2=h25fd6f3_3
  - mash=2.3=hf85e966_11
  - matplotlib-base=3.11.1=py311he401cf6_2
  - mummer4=4.0.1=pl5321h9948957_0
  - munkres=1.1.4=pyhd8ed1ab_1
  - narwhals=2.24.0=pyhcf101f3_0
  - ncurses=6.6=hdb14827_1
  - networkx=3.6.1=pyhcf101f3_0
  - numpy=2.4.6=py311h2e04523_0
  - openjpeg=2.5.4=h55fea9a_0
  - openssl=3.6.3=h35e630c_1
  - packaging=26.3=pyhc364b38_0
  - pandas=3.0.5=py311h8032f78_1
  - pcre2=10.47=haa7fec5_0
  - perl=5.32.1=7_hd590300_perl5
  - pillow=12.3.0=py311hf88fc01_0
  - pip=26.2.1=pyh8b19718_0
  - pixman=0.46.4=h54a6638_3
  - pluggy=1.6.0=pyhf9edf01_1
  - pplacer=1.1.alpha20=hd563303_0
  - prodigal=2.6.3=h577a1d6_11
  - pthread-stubs=0.4=hb03c661_1003
  - pygments=2.20.0=pyhd8ed1ab_0
  - pyparsing=3.3.2=pyhcf101f3_0
  - pysam=0.24.0=py311h5f69268_1
  - pytest=9.1.1=pyhc364b38_2
  - python=3.11.15=h8ab3286_2_cpython
  - python-dateutil=2.9.0.post0=pyhe01879c_2
  - python_abi=3.11=8_cp311
  - qhull=2020.2=h434a139_5
  - readline=8.3=h853b02a_0
  - ruby=3.4.2=he7af4c9_0
  - scikit-learn=1.9.0=np2py311ha15b03d_0
  - scipy=1.17.1=py311hbe70eeb_1
  - seaborn-base=0.13.2=pyhd8ed1ab_3
  - setuptools=84.0.0=pyh332efcf_0
  - six=1.17.0=pyhe01879c_1
  - skani=0.3.2=h79ce301_0
  - threadpoolctl=3.6.0=pyhecae5ae_0
  - tk=8.6.13=noxft_hd70dff1_3
  - tomli=2.4.1=pyhcf101f3_0
  - tqdm=4.70.0=pyh8f84b5b_0
  - typing_extensions=4.16.0=pyhcf101f3_0
  - tzdata=2026c=h151e31d_0
  - unicodedata2=17.0.1=py311h49ec1c0_0
  - wheel=0.47.0=pyhd8ed1ab_0
  - xorg-libice=1.1.2=hb9d3cd8_0
  - xorg-libsm=1.2.6=he73a12e_0
  - xorg-libx11=1.8.13=he1eb515_0
  - xorg-libxau=1.0.12=hb03c661_2
  - xorg-libxdmcp=1.1.5=hb03c661_2
  - xorg-libxext=1.3.7=hb03c661_0
  - xorg-libxrender=0.9.12=hb9d3cd8_0
  - yaggo=1.5.10=hdfd78af_1
  - yaml=0.2.5=h280c20c_3
  - zlib-ng=2.3.3=hceb46e0_1
  - zstd=1.5.7=hb78ec9c_6
prefix: /home/eduardo.tello/.conda/envs/drep
